
Microsoft Visual Studio Solution File, Format Version 12.00
# Visual Studio 15
Project("{FAE04EC0-301F-11D3-BF4B-00C04F79EFBC}") = "Mirror.Transports", "Mirror.Transports.csproj", "{ADF49D45-77FF-42F2-4D38-4209ECBF7758}"
EndProject
Project("{FAE04EC0-301F-11D3-BF4B-00C04F79EFBC}") = "SimpleWebTransport", "SimpleWebTransport.csproj", "{C7E2B8A5-5D0E-A026-C686-2B16C1E56644}"
EndProject
Project("{FAE04EC0-301F-11D3-BF4B-00C04F79EFBC}") = "Mirror.Examples", "Mirror.Examples.csproj", "{56316C29-746F-BA3C-DBE9-25F85E5B955A}"
EndProject
Project("{FAE04EC0-301F-11D3-BF4B-00C04F79EFBC}") = "Mirror.Components", "Mirror.Components.csproj", "{AB053087-2BCE-83A9-11D7-BE544423665A}"
EndProject
Project("{FAE04EC0-301F-11D3-BF4B-00C04F79EFBC}") = "Mirror", "Mirror.csproj", "{E65169CA-2675-9656-81EF-5A308FD8A28E}"
EndProject
Project("{FAE04EC0-301F-11D3-BF4B-00C04F79EFBC}") = "Assembly-CSharp", "Assembly-CSharp.csproj", "{62821A0A-7176-D4E2-C18C-E63C1157BEDA}"
EndProject
Project("{FAE04EC0-301F-11D3-BF4B-00C04F79EFBC}") = "Telepathy", "Telepathy.csproj", "{FFE4180C-38F5-2B33-47B7-2191D7403174}"
EndProject
Project("{FAE04EC0-301F-11D3-BF4B-00C04F79EFBC}") = "kcp2k", "kcp2k.csproj", "{9B2B855F-3CE5-3495-79D3-042F93A8C0CE}"
EndProject
Project("{FAE04EC0-301F-11D3-BF4B-00C04F79EFBC}") = "Mirror.Authenticators", "Mirror.Authenticators.csproj", "{C6BA3739-5E12-BAF6-AD7A-F3168A89AB94}"
EndProject
Project("{FAE04EC0-301F-11D3-BF4B-00C04F79EFBC}") = "Unity.Mirror.CodeGen", "Unity.Mirror.CodeGen.csproj", "{A426B28F-5AF1-F6C9-488D-2CCB824DCA9C}"
EndProject
Project("{FAE04EC0-301F-11D3-BF4B-00C04F79EFBC}") = "Mirror.Editor", "Mirror.Editor.csproj", "{0D70F59F-7CBB-939B-22E9-4365C7EB5C8B}"
EndProject
Project("{FAE04EC0-301F-11D3-BF4B-00C04F79EFBC}") = "Mirror.CompilerSymbols", "Mirror.CompilerSymbols.csproj", "{840C67B0-DA38-63A3-48B9-3B631425F342}"
EndProject
Project("{FAE04EC0-301F-11D3-BF4B-00C04F79EFBC}") = "EncryptionTransportEditor", "EncryptionTransportEditor.csproj", "{2C2C1B74-0EC5-705C-1560-B94ACAE13BE1}"
EndProject
Global
	GlobalSection(SolutionConfigurationPlatforms) = preSolution
		Debug|Any CPU = Debug|Any CPU
		Release|Any CPU = Release|Any CPU
	EndGlobalSection
	GlobalSection(ProjectConfigurationPlatforms) = postSolution
		{ADF49D45-77FF-42F2-4D38-4209ECBF7758}.Debug|Any CPU.ActiveCfg = Debug|Any CPU
		{ADF49D45-77FF-42F2-4D38-4209ECBF7758}.Debug|Any CPU.Build.0 = Debug|Any CPU
		{ADF49D45-77FF-42F2-4D38-4209ECBF7758}.Release|Any CPU.ActiveCfg = Release|Any CPU
		{ADF49D45-77FF-42F2-4D38-4209ECBF7758}.Release|Any CPU.Build.0 = Release|Any CPU
		{C7E2B8A5-5D0E-A026-C686-2B16C1E56644}.Debug|Any CPU.ActiveCfg = Debug|Any CPU
		{C7E2B8A5-5D0E-A026-C686-2B16C1E56644}.Debug|Any CPU.Build.0 = Debug|Any CPU
		{C7E2B8A5-5D0E-A026-C686-2B16C1E56644}.Release|Any CPU.ActiveCfg = Release|Any CPU
		{C7E2B8A5-5D0E-A026-C686-2B16C1E56644}.Release|Any CPU.Build.0 = Release|Any CPU
		{56316C29-746F-BA3C-DBE9-25F85E5B955A}.Debug|Any CPU.ActiveCfg = Debug|Any CPU
		{56316C29-746F-BA3C-DBE9-25F85E5B955A}.Debug|Any CPU.Build.0 = Debug|Any CPU
		{56316C29-746F-BA3C-DBE9-25F85E5B955A}.Release|Any CPU.ActiveCfg = Release|Any CPU
		{56316C29-746F-BA3C-DBE9-25F85E5B955A}.Release|Any CPU.Build.0 = Release|Any CPU
		{AB053087-2BCE-83A9-11D7-BE544423665A}.Debug|Any CPU.ActiveCfg = Debug|Any CPU
		{AB053087-2BCE-83A9-11D7-BE544423665A}.Debug|Any CPU.Build.0 = Debug|Any CPU
		{AB053087-2BCE-83A9-11D7-BE544423665A}.Release|Any CPU.ActiveCfg = Release|Any CPU
		{AB053087-2BCE-83A9-11D7-BE544423665A}.Release|Any CPU.Build.0 = Release|Any CPU
		{E65169CA-2675-9656-81EF-5A308FD8A28E}.Debug|Any CPU.ActiveCfg = Debug|Any CPU
		{E65169CA-2675-9656-81EF-5A308FD8A28E}.Debug|Any CPU.Build.0 = Debug|Any CPU
		{E65169CA-2675-9656-81EF-5A308FD8A28E}.Release|Any CPU.ActiveCfg = Release|Any CPU
		{E65169CA-2675-9656-81EF-5A308FD8A28E}.Release|Any CPU.Build.0 = Release|Any CPU
		{62821A0A-7176-D4E2-C18C-E63C1157BEDA}.Debug|Any CPU.ActiveCfg = Debug|Any CPU
		{62821A0A-7176-D4E2-C18C-E63C1157BEDA}.Debug|Any CPU.Build.0 = Debug|Any CPU
		{62821A0A-7176-D4E2-C18C-E63C1157BEDA}.Release|Any CPU.ActiveCfg = Release|Any CPU
		{62821A0A-7176-D4E2-C18C-E63C1157BEDA}.Release|Any CPU.Build.0 = Release|Any CPU
		{FFE4180C-38F5-2B33-47B7-2191D7403174}.Debug|Any CPU.ActiveCfg = Debug|Any CPU
		{FFE4180C-38F5-2B33-47B7-2191D7403174}.Debug|Any CPU.Build.0 = Debug|Any CPU
		{FFE4180C-38F5-2B33-47B7-2191D7403174}.Release|Any CPU.ActiveCfg = Release|Any CPU
		{FFE4180C-38F5-2B33-47B7-2191D7403174}.Release|Any CPU.Build.0 = Release|Any CPU
		{9B2B855F-3CE5-3495-79D3-042F93A8C0CE}.Debug|Any CPU.ActiveCfg = Debug|Any CPU
		{9B2B855F-3CE5-3495-79D3-042F93A8C0CE}.Debug|Any CPU.Build.0 = Debug|Any CPU
		{9B2B855F-3CE5-3495-79D3-042F93A8C0CE}.Release|Any CPU.ActiveCfg = Release|Any CPU
		{9B2B855F-3CE5-3495-79D3-042F93A8C0CE}.Release|Any CPU.Build.0 = Release|Any CPU
		{C6BA3739-5E12-BAF6-AD7A-F3168A89AB94}.Debug|Any CPU.ActiveCfg = Debug|Any CPU
		{C6BA3739-5E12-BAF6-AD7A-F3168A89AB94}.Debug|Any CPU.Build.0 = Debug|Any CPU
		{C6BA3739-5E12-BAF6-AD7A-F3168A89AB94}.Release|Any CPU.ActiveCfg = Release|Any CPU
		{C6BA3739-5E12-BAF6-AD7A-F3168A89AB94}.Release|Any CPU.Build.0 = Release|Any CPU
		{A426B28F-5AF1-F6C9-488D-2CCB824DCA9C}.Debug|Any CPU.ActiveCfg = Debug|Any CPU
		{A426B28F-5AF1-F6C9-488D-2CCB824DCA9C}.Debug|Any CPU.Build.0 = Debug|Any CPU
		{A426B28F-5AF1-F6C9-488D-2CCB824DCA9C}.Release|Any CPU.ActiveCfg = Release|Any CPU
		{A426B28F-5AF1-F6C9-488D-2CCB824DCA9C}.Release|Any CPU.Build.0 = Release|Any CPU
		{0D70F59F-7CBB-939B-22E9-4365C7EB5C8B}.Debug|Any CPU.ActiveCfg = Debug|Any CPU
		{0D70F59F-7CBB-939B-22E9-4365C7EB5C8B}.Debug|Any CPU.Build.0 = Debug|Any CPU
		{0D70F59F-7CBB-939B-22E9-4365C7EB5C8B}.Release|Any CPU.ActiveCfg = Release|Any CPU
		{0D70F59F-7CBB-939B-22E9-4365C7EB5C8B}.Release|Any CPU.Build.0 = Release|Any CPU
		{840C67B0-DA38-63A3-48B9-3B631425F342}.Debug|Any CPU.ActiveCfg = Debug|Any CPU
		{840C67B0-DA38-63A3-48B9-3B631425F342}.Debug|Any CPU.Build.0 = Debug|Any CPU
		{840C67B0-DA38-63A3-48B9-3B631425F342}.Release|Any CPU.ActiveCfg = Release|Any CPU
		{840C67B0-DA38-63A3-48B9-3B631425F342}.Release|Any CPU.Build.0 = Release|Any CPU
		{2C2C1B74-0EC5-705C-1560-B94ACAE13BE1}.Debug|Any CPU.ActiveCfg = Debug|Any CPU
		{2C2C1B74-0EC5-705C-1560-B94ACAE13BE1}.Debug|Any CPU.Build.0 = Debug|Any CPU
		{2C2C1B74-0EC5-705C-1560-B94ACAE13BE1}.Release|Any CPU.ActiveCfg = Release|Any CPU
		{2C2C1B74-0EC5-705C-1560-B94ACAE13BE1}.Release|Any CPU.Build.0 = Release|Any CPU
	EndGlobalSection
	GlobalSection(SolutionProperties) = preSolution
		HideSolutionNode = FALSE
	EndGlobalSection
EndGlobal
